Microsoft Visual Studio Solution File, Format Version 12.00
# Visual Studio Version 17
VisualStudioVersion = 17.5.2.0
MinimumVisualStudioVersion = 10.0.40219.1
Project("{FAE04EC0-301F-11D3-BF4B-00C04F79EFBC}") = "FloraVeiling", "backend\FloraVeiling.csproj", "{1F3D98DB-D617-0359-4D8E-F0C3258BEEB7}"
EndProject
Global
	GlobalSection(SolutionConfigurationPlatforms) = preSolution
		Debug|Any CPU = Debug|Any CPU
		Release|Any CPU = Release|Any CPU
	EndGlobalSection
	GlobalSection(ProjectConfigurationPlatforms) = postSolution
		{1F3D98DB-D617-0359-4D8E-F0C3258BEEB7}.Debug|Any CPU.ActiveCfg = Debug|Any CPU
		{1F3D98DB-D617-0359-4D8E-F0C3258BEEB7}.Debug|Any CPU.Build.0 = Debug|Any CPU
		{1F3D98DB-D617-0359-4D8E-F0C3258BEEB7}.Release|Any CPU.ActiveCfg = Release|Any CPU
		{1F3D98DB-D617-0359-4D8E-F0C3258BEEB7}.Release|Any CPU.Build.0 = Release|Any CPU
	EndGlobalSection
	GlobalSection(SolutionProperties) = preSolution
		HideSolutionNode = FALSE
	EndGlobalSection
	GlobalSection(ExtensibilityGlobals) = postSolution
		SolutionGuid = {B8CD35AD-0825-41A8-8775-C01E97DF8BC2}
	EndGlobalSection
EndGlobal
